
Microsoft Visual Studio Solution File, Format Version 12.00
# Visual Studio Version 17
VisualStudioVersion = 17.3.32929.385
MinimumVisualStudioVersion = 10.0.40219.1
Project("{FAE04EC0-301F-11D3-BF4B-00C04F79EFBC}") = "CsvMemberParser", "CsvMemberParser\CsvMemberParser.csproj", "{A9415165-1959-430C-A36B-6EBC4FC4678E}"
EndProject
Global
	GlobalSection(SolutionConfigurationPlatforms) = preSolution
		Debug|Any CPU = Debug|Any CPU
		Release|Any CPU = Release|Any CPU
	EndGlobalSection
	GlobalSection(ProjectConfigurationPlatforms) = postSolution
		{A9415165-1959-430C-A36B-6EBC4FC4678E}.Debug|Any CPU.ActiveCfg = Debug|Any CPU
		{A9415165-1959-430C-A36B-6EBC4FC4678E}.Debug|Any CPU.Build.0 = Debug|Any CPU
		{A9415165-1959-430C-A36B-6EBC4FC4678E}.Release|Any CPU.ActiveCfg = Release|Any CPU
		{A9415165-1959-430C-A36B-6EBC4FC4678E}.Release|Any CPU.Build.0 = Release|Any CPU
	EndGlobalSection
	GlobalSection(SolutionProperties) = preSolution
		HideSolutionNode = FALSE
	EndGlobalSection
	GlobalSection(ExtensibilityGlobals) = postSolution
		SolutionGuid = {B8E1307C-068C-42ED-AFF8-3AAD643E9F5B}
	EndGlobalSection
EndGlobal
